
Microsoft Visual Studio Solution File, Format Version 12.00
# Visual Studio Version 16
VisualStudioVersion = 16.0.31702.278
MinimumVisualStudioVersion = 10.0.40219.1
Project("{FAE04EC0-301F-11D3-BF4B-00C04F79EFBC}") = "MVCLab001", "MVCLab001\MVCLab001.csproj", "{53C18A0C-EE5A-4E2D-9777-499DC6EA50B4}"
EndProject
Global
	GlobalSection(SolutionConfigurationPlatforms) = preSolution
		Debug|Any CPU = Debug|Any CPU
		Release|Any CPU = Release|Any CPU
	EndGlobalSection
	GlobalSection(ProjectConfigurationPlatforms) = postSolution
		{53C18A0C-EE5A-4E2D-9777-499DC6EA50B4}.Debug|Any CPU.ActiveCfg = Debug|Any CPU
		{53C18A0C-EE5A-4E2D-9777-499DC6EA50B4}.Debug|Any CPU.Build.0 = Debug|Any CPU
		{53C18A0C-EE5A-4E2D-9777-499DC6EA50B4}.Release|Any CPU.ActiveCfg = Release|Any CPU
		{53C18A0C-EE5A-4E2D-9777-499DC6EA50B4}.Release|Any CPU.Build.0 = Release|Any CPU
	EndGlobalSection
	GlobalSection(SolutionProperties) = preSolution
		HideSolutionNode = FALSE
	EndGlobalSection
	GlobalSection(ExtensibilityGlobals) = postSolution
		SolutionGuid = {459CFDDC-C71B-4459-8F93-51701F988103}
	EndGlobalSection
EndGlobal
